
Microsoft Visual Studio Solution File, Format Version 12.00
# Visual Studio 15
VisualStudioVersion = 15.0.27428.2005
MinimumVisualStudioVersion = 10.0.40219.1
Project("{FAE04EC0-301F-11D3-BF4B-00C04F79EFBC}") = "XOR.AI", "XOR.AI\XOR.AI.csproj", "{AF7270A4-981B-461C-9E50-E3443B128F56}"
EndProject
Global
	GlobalSection(SolutionConfigurationPlatforms) = preSolution
		Debug|Any CPU = Debug|Any CPU
		Release|Any CPU = Release|Any CPU
	EndGlobalSection
	GlobalSection(ProjectConfigurationPlatforms) = postSolution
		{AF7270A4-981B-461C-9E50-E3443B128F56}.Debug|Any CPU.ActiveCfg = Debug|Any CPU
		{AF7270A4-981B-461C-9E50-E3443B128F56}.Debug|Any CPU.Build.0 = Debug|Any CPU
		{AF7270A4-981B-461C-9E50-E3443B128F56}.Release|Any CPU.ActiveCfg = Release|Any CPU
		{AF7270A4-981B-461C-9E50-E3443B128F56}.Release|Any CPU.Build.0 = Release|Any CPU
	EndGlobalSection
	GlobalSection(SolutionProperties) = preSolution
		HideSolutionNode = FALSE
	EndGlobalSection
	GlobalSection(ExtensibilityGlobals) = postSolution
		SolutionGuid = {85973665-C396-49EF-BEB2-948797B8D27D}
	EndGlobalSection
EndGlobal
